// !$*UTF8*$!
{
	archiveVersion = 1;
	classes = {
	};
	objectVersion = 46;
	objects = {

/* Begin PBXBuildFile section */
		0A173DB71BBFB9A8007EF5B3 /* AppDelegate.swift in Sources */ = {isa = PBXBuildFile; fileRef = 0A173DB61BBFB9A8007EF5B3 /* AppDelegate.swift */; };
		0A173DBE1BBFB9A8007EF5B3 /* Assets.xcassets in Resources */ = {isa = PBXBuildFile; fileRef = 0A173DBD1BBFB9A8007EF5B3 /* Assets.xcassets */; };
		0A173DC11BBFB9A8007EF5B3 /* LaunchScreen.storyboard in Resources */ = {isa = PBXBuildFile; fileRef = 0A173DBF1BBFB9A8007EF5B3 /* LaunchScreen.storyboard */; };
		0A21840E1E5F075200B2ABD3 /* DataManager.swift in Sources */ = {isa = PBXBuildFile; fileRef = 0A21840D1E5F075200B2ABD3 /* DataManager.swift */; };
		0A2184101E5F298B00B2ABD3 /* VariationManager.swift in Sources */ = {isa = PBXBuildFile; fileRef = 0A21840F1E5F298B00B2ABD3 /* VariationManager.swift */; };
		0ABE39F71E4629B6004170E5 /* ViewController.swift in Sources */ = {isa = PBXBuildFile; fileRef = 0ABE39F61E4629B6004170E5 /* ViewController.swift */; };
		0ABE39F91E462D4E004170E5 /* MotifCollectionViewCell.swift in Sources */ = {isa = PBXBuildFile; fileRef = 0ABE39F81E462D4E004170E5 /* MotifCollectionViewCell.swift */; };
		0ABE39FB1E462EC3004170E5 /* PremadeStrings.swift in Sources */ = {isa = PBXBuildFile; fileRef = 0ABE39FA1E462EC3004170E5 /* PremadeStrings.swift */; };
		0ABE3A101E46354D004170E5 /* MarkovGenerator.swift in Sources */ = {isa = PBXBuildFile; fileRef = 0ABE3A0F1E46354D004170E5 /* MarkovGenerator.swift */; };
		0ABE3A121E463968004170E5 /* MarkovViewController.swift in Sources */ = {isa = PBXBuildFile; fileRef = 0ABE3A111E463968004170E5 /* MarkovViewController.swift */; };
		0ABE3A141E464437004170E5 /* VariationsViewController.swift in Sources */ = {isa = PBXBuildFile; fileRef = 0ABE3A131E464437004170E5 /* VariationsViewController.swift */; };
		0ABE3A161E4649A9004170E5 /* TabBarController.swift in Sources */ = {isa = PBXBuildFile; fileRef = 0ABE3A151E4649A9004170E5 /* TabBarController.swift */; };
		0ABE3A181E4652B1004170E5 /* AddViewController.swift in Sources */ = {isa = PBXBuildFile; fileRef = 0ABE3A171E4652B1004170E5 /* AddViewController.swift */; };
		0ACFF3651DE0AB0300ED1983 /* ActionViewController.swift in Sources */ = {isa = PBXBuildFile; fileRef = 0ACFF3641DE0AB0300ED1983 /* ActionViewController.swift */; };
		0ACFF3681DE0AB0300ED1983 /* MainInterface.storyboard in Resources */ = {isa = PBXBuildFile; fileRef = 0ACFF3661DE0AB0300ED1983 /* MainInterface.storyboard */; };
		0ACFF36C1DE0AB0300ED1983 /* ActionExtension.appex in Embed App Extensions */ = {isa = PBXBuildFile; fileRef = 0ACFF3621DE0AB0300ED1983 /* ActionExtension.appex */; settings = {ATTRIBUTES = (RemoveHeadersOnCopy, ); }; };
		0ACFF3751DE0AD6100ED1983 /* Main.storyboard in Resources */ = {isa = PBXBuildFile; fileRef = 0ACFF3731DE0AD6100ED1983 /* Main.storyboard */; };
		0ADA85D81DE1E141002BAA8F /* Extensions.swift in Sources */ = {isa = PBXBuildFile; fileRef = 0ADA85D71DE1E141002BAA8F /* Extensions.swift */; };
/* End PBXBuildFile section */

/* Begin PBXContainerItemProxy section */
		0ACFF36A1DE0AB0300ED1983 /* PBXContainerItemProxy */ = {
			isa = PBXContainerItemProxy;
			containerPortal = 0A173DAB1BBFB9A8007EF5B3 /* Project object */;
			proxyType = 1;
			remoteGlobalIDString = 0ACFF3611DE0AB0300ED1983;
			remoteInfo = actionExtension;
		};
/* End PBXContainerItemProxy section */

/* Begin PBXCopyFilesBuildPhase section */
		0ABE3A0E1E46324B004170E5 /* Embed Frameworks */ = {
			isa = PBXCopyFilesBuildPhase;
			buildActionMask = 2147483647;
			dstPath = "";
			dstSubfolderSpec = 10;
			files = (
			);
			name = "Embed Frameworks";
			runOnlyForDeploymentPostprocessing = 0;
		};
		0ACFF3701DE0AB0300ED1983 /* Embed App Extensions */ = {
			isa = PBXCopyFilesBuildPhase;
			buildActionMask = 2147483647;
			dstPath = "";
			dstSubfolderSpec = 13;
			files = (
				0ACFF36C1DE0AB0300ED1983 /* ActionExtension.appex in Embed App Extensions */,
			);
			name = "Embed App Extensions";
			runOnlyForDeploymentPostprocessing = 0;
		};
/* End PBXCopyFilesBuildPhase section */

/* Begin PBXFileReference section */
		0A173DB31BBFB9A8007EF5B3 /* ProjectMarkov.app */ = {isa = PBXFileReference; explicitFileType = wrapper.application; includeInIndex = 0; path = ProjectMarkov.app; sourceTree = BUILT_PRODUCTS_DIR; };
		0A173DB61BBFB9A8007EF5B3 /* AppDelegate.swift */ = {isa = PBXFileReference; lastKnownFileType = sourcecode.swift; path = AppDelegate.swift; sourceTree = "<group>"; };
		0A173DBD1BBFB9A8007EF5B3 /* Assets.xcassets */ = {isa = PBXFileReference; lastKnownFileType = folder.assetcatalog; path = Assets.xcassets; sourceTree = "<group>"; };
		0A173DC01BBFB9A8007EF5B3 /* Base */ = {isa = PBXFileReference; lastKnownFileType = file.storyboard; name = Base; path = Base.lproj/LaunchScreen.storyboard; sourceTree = "<group>"; };
		0A173DC21BBFB9A8007EF5B3 /* Info.plist */ = {isa = PBXFileReference; lastKnownFileType = text.plist.xml; path = Info.plist; sourceTree = "<group>"; };
		0A21840D1E5F075200B2ABD3 /* DataManager.swift */ = {isa = PBXFileReference; fileEncoding = 4; lastKnownFileType = sourcecode.swift; name = DataManager.swift; path = Managers/DataManager.swift; sourceTree = "<group>"; };
		0A21840F1E5F298B00B2ABD3 /* VariationManager.swift */ = {isa = PBXFileReference; fileEncoding = 4; lastKnownFileType = sourcecode.swift; name = VariationManager.swift; path = Managers/VariationManager.swift; sourceTree = "<group>"; };
		0ABE39F61E4629B6004170E5 /* ViewController.swift */ = {isa = PBXFileReference; fileEncoding = 4; lastKnownFileType = sourcecode.swift; name = ViewController.swift; path = ViewControllers/ViewController.swift; sourceTree = "<group>"; };
		0ABE39F81E462D4E004170E5 /* MotifCollectionViewCell.swift */ = {isa = PBXFileReference; fileEncoding = 4; lastKnownFileType = sourcecode.swift; name = MotifCollectionViewCell.swift; path = Views/MotifCollectionViewCell.swift; sourceTree = "<group>"; };
		0ABE39FA1E462EC3004170E5 /* PremadeStrings.swift */ = {isa = PBXFileReference; fileEncoding = 4; lastKnownFileType = sourcecode.swift; name = PremadeStrings.swift; path = Helpers/PremadeStrings.swift; sourceTree = "<group>"; };
		0ABE3A041E46324B004170E5 /* ProjectMarkovFramework.h */ = {isa = PBXFileReference; lastKnownFileType = sourcecode.c.h; path = ProjectMarkovFramework.h; sourceTree = "<group>"; };
		0ABE3A051E46324B004170E5 /* Info.plist */ = {isa = PBXFileReference; lastKnownFileType = text.plist.xml; path = Info.plist; sourceTree = "<group>"; };
		0ABE3A0F1E46354D004170E5 /* MarkovGenerator.swift */ = {isa = PBXFileReference; fileEncoding = 4; lastKnownFileType = sourcecode.swift; name = MarkovGenerator.swift; path = Generators/MarkovGenerator.swift; sourceTree = "<group>"; };
		0ABE3A111E463968004170E5 /* MarkovViewController.swift */ = {isa = PBXFileReference; fileEncoding = 4; lastKnownFileType = sourcecode.swift; name = MarkovViewController.swift; path = ViewControllers/MarkovViewController.swift; sourceTree = "<group>"; };
		0ABE3A131E464437004170E5 /* VariationsViewController.swift */ = {isa = PBXFileReference; fileEncoding = 4; lastKnownFileType = sourcecode.swift; name = VariationsViewController.swift; path = ViewControllers/VariationsViewController.swift; sourceTree = "<group>"; };
		0ABE3A151E4649A9004170E5 /* TabBarController.swift */ = {isa = PBXFileReference; fileEncoding = 4; lastKnownFileType = sourcecode.swift; name = TabBarController.swift; path = ViewControllers/TabBarController.swift; sourceTree = "<group>"; };
		0ABE3A171E4652B1004170E5 /* AddViewController.swift */ = {isa = PBXFileReference; fileEncoding = 4; lastKnownFileType = sourcecode.swift; name = AddViewController.swift; path = ViewControllers/AddViewController.swift; sourceTree = "<group>"; };
		0ACFF3621DE0AB0300ED1983 /* ActionExtension.appex */ = {isa = PBXFileReference; explicitFileType = "wrapper.app-extension"; includeInIndex = 0; path = ActionExtension.appex; sourceTree = BUILT_PRODUCTS_DIR; };
		0ACFF3641DE0AB0300ED1983 /* ActionViewController.swift */ = {isa = PBXFileReference; lastKnownFileType = sourcecode.swift; path = ActionViewController.swift; sourceTree = "<group>"; };
		0ACFF3671DE0AB0300ED1983 /* Base */ = {isa = PBXFileReference; lastKnownFileType = file.storyboard; name = Base; path = Base.lproj/MainInterface.storyboard; sourceTree = "<group>"; };
		0ACFF3691DE0AB0300ED1983 /* Info.plist */ = {isa = PBXFileReference; lastKnownFileType = text.plist.xml; path = Info.plist; sourceTree = "<group>"; };
		0ACFF3711DE0AC3600ED1983 /* ProjectMarkov.entitlements */ = {isa = PBXFileReference; lastKnownFileType = text.plist.entitlements; path = ProjectMarkov.entitlements; sourceTree = "<group>"; };
		0ACFF3721DE0AC7A00ED1983 /* ActionExtension.entitlements */ = {isa = PBXFileReference; lastKnownFileType = text.plist.entitlements; name = ActionExtension.entitlements; path = ActionExtension/ActionExtension.entitlements; sourceTree = SOURCE_ROOT; };
		0ACFF3741DE0AD6100ED1983 /* Base */ = {isa = PBXFileReference; lastKnownFileType = file.storyboard; name = Base; path = Base.lproj/Main.storyboard; sourceTree = "<group>"; };
		0ADA85D71DE1E141002BAA8F /* Extensions.swift */ = {isa = PBXFileReference; fileEncoding = 4; lastKnownFileType = sourcecode.swift; name = Extensions.swift; path = Extensions/Extensions.swift; sourceTree = "<group>"; };
/* End PBXFileReference section */

/* Begin PBXFrameworksBuildPhase section */
		0A173DB01BBFB9A8007EF5B3 /* Frameworks */ = {
			isa = PBXFrameworksBuildPhase;
			buildActionMask = 2147483647;
			files = (
			);
			runOnlyForDeploymentPostprocessing = 0;
		};
		0ACFF35F1DE0AB0300ED1983 /* Frameworks */ = {
			isa = PBXFrameworksBuildPhase;
			buildActionMask = 2147483647;
			files = (
			);
			runOnlyForDeploymentPostprocessing = 0;
		};
/* End PBXFrameworksBuildPhase section */

/* Begin PBXGroup section */
		0A173DAA1BBFB9A8007EF5B3 = {
			isa = PBXGroup;
			children = (
				0A173DB51BBFB9A8007EF5B3 /* ProjectMarkov */,
				0ACFF3631DE0AB0300ED1983 /* ActionExtension */,
				0ABE3A031E46324B004170E5 /* ProjectMarkovFramework */,
				0A173DB41BBFB9A8007EF5B3 /* Products */,
			);
			sourceTree = "<group>";
		};
		0A173DB41BBFB9A8007EF5B3 /* Products */ = {
			isa = PBXGroup;
			children = (
				0A173DB31BBFB9A8007EF5B3 /* ProjectMarkov.app */,
				0ACFF3621DE0AB0300ED1983 /* ActionExtension.appex */,
			);
			name = Products;
			sourceTree = "<group>";
		};
		0A173DB51BBFB9A8007EF5B3 /* ProjectMarkov */ = {
			isa = PBXGroup;
			children = (
				0ACFF3711DE0AC3600ED1983 /* ProjectMarkov.entitlements */,
				0A173DB61BBFB9A8007EF5B3 /* AppDelegate.swift */,
				0A173DCC1BC02ADB007EF5B3 /* Storyboards */,
				0ADA85DC1DE1E97D002BAA8F /* View Controllers */,
				0ADA85DB1DE1E976002BAA8F /* Generators */,
				0ADA85D71DE1E141002BAA8F /* Extensions.swift */,
				0A173DBD1BBFB9A8007EF5B3 /* Assets.xcassets */,
				0A173DBF1BBFB9A8007EF5B3 /* LaunchScreen.storyboard */,
				0A173DC21BBFB9A8007EF5B3 /* Info.plist */,
			);
			path = ProjectMarkov;
			sourceTree = "<group>";
		};
		0A173DCC1BC02ADB007EF5B3 /* Storyboards */ = {
			isa = PBXGroup;
			children = (
				0ACFF3731DE0AD6100ED1983 /* Main.storyboard */,
			);
			name = Storyboards;
			sourceTree = "<group>";
		};
		0ABE3A031E46324B004170E5 /* ProjectMarkovFramework */ = {
			isa = PBXGroup;
			children = (
				0ABE3A041E46324B004170E5 /* ProjectMarkovFramework.h */,
				0ABE3A051E46324B004170E5 /* Info.plist */,
			);
			path = ProjectMarkovFramework;
			sourceTree = "<group>";
		};
		0ACFF3631DE0AB0300ED1983 /* ActionExtension */ = {
			isa = PBXGroup;
			children = (
				0ACFF3721DE0AC7A00ED1983 /* ActionExtension.entitlements */,
				0ACFF3641DE0AB0300ED1983 /* ActionViewController.swift */,
				0ACFF3661DE0AB0300ED1983 /* MainInterface.storyboard */,
				0ACFF3691DE0AB0300ED1983 /* Info.plist */,
			);
			name = ActionExtension;
			path = actionExtension;
			sourceTree = "<group>";
		};
		0ADA85DB1DE1E976002BAA8F /* Generators */ = {
			isa = PBXGroup;
			children = (
				0ABE3A0F1E46354D004170E5 /* MarkovGenerator.swift */,
			);
			name = Generators;
			sourceTree = "<group>";
		};
		0ADA85DC1DE1E97D002BAA8F /* View Controllers */ = {
			isa = PBXGroup;
			children = (
				0ABE3A151E4649A9004170E5 /* TabBarController.swift */,
				0ABE39F61E4629B6004170E5 /* ViewController.swift */,
				0ABE3A171E4652B1004170E5 /* AddViewController.swift */,
				0ABE3A131E464437004170E5 /* VariationsViewController.swift */,
				0ABE3A111E463968004170E5 /* MarkovViewController.swift */,
				0ABE39FA1E462EC3004170E5 /* PremadeStrings.swift */,
				0ABE39F81E462D4E004170E5 /* MotifCollectionViewCell.swift */,
				0A21840D1E5F075200B2ABD3 /* DataManager.swift */,
				0A21840F1E5F298B00B2ABD3 /* VariationManager.swift */,
			);
			name = "View Controllers";
			sourceTree = "<group>";
		};
/* End PBXGroup section */

/* Begin PBXNativeTarget section */
		0A173DB21BBFB9A8007EF5B3 /* ProjectMarkov */ = {
			isa = PBXNativeTarget;
			buildConfigurationList = 0A173DC51BBFB9A8007EF5B3 /* Build configuration list for PBXNativeTarget "ProjectMarkov" */;
			buildPhases = (
				0A173DAF1BBFB9A8007EF5B3 /* Sources */,
				0A173DB01BBFB9A8007EF5B3 /* Frameworks */,
				0A173DB11BBFB9A8007EF5B3 /* Resources */,
				0ACFF3701DE0AB0300ED1983 /* Embed App Extensions */,
				0ABE3A0E1E46324B004170E5 /* Embed Frameworks */,
			);
			buildRules = (
			);
			dependencies = (
				0ACFF36B1DE0AB0300ED1983 /* PBXTargetDependency */,
			);
			name = ProjectMarkov;
			productName = ProjectMarkov;
			productReference = 0A173DB31BBFB9A8007EF5B3 /* ProjectMarkov.app */;
			productType = "com.apple.product-type.application";
		};
		0ACFF3611DE0AB0300ED1983 /* ActionExtension */ = {
			isa = PBXNativeTarget;
			buildConfigurationList = 0ACFF36D1DE0AB0300ED1983 /* Build configuration list for PBXNativeTarget "ActionExtension" */;
			buildPhases = (
				0ACFF35E1DE0AB0300ED1983 /* Sources */,
				0ACFF35F1DE0AB0300ED1983 /* Frameworks */,
				0ACFF3601DE0AB0300ED1983 /* Resources */,
			);
			buildRules = (
			);
			dependencies = (
			);
			name = ActionExtension;
			productName = actionExtension;
			productReference = 0ACFF3621DE0AB0300ED1983 /* ActionExtension.appex */;
			productType = "com.apple.product-type.app-extension";
		};
/* End PBXNativeTarget section */

/* Begin PBXProject section */
		0A173DAB1BBFB9A8007EF5B3 /* Project object */ = {
			isa = PBXProject;
			attributes = {
				LastSwiftUpdateCheck = 0810;
				LastUpgradeCheck = 0700;
				ORGANIZATIONNAME = "William Robinson";
				TargetAttributes = {
					0A173DB21BBFB9A8007EF5B3 = {
						CreatedOnToolsVersion = 7.0.1;
						DevelopmentTeam = XEN7DUD59Z;
						LastSwiftMigration = 0810;
						SystemCapabilities = {
							com.apple.ApplicationGroups.iOS = {
								enabled = 1;
							};
						};
					};
					0ACFF3611DE0AB0300ED1983 = {
						CreatedOnToolsVersion = 8.1;
						DevelopmentTeam = XEN7DUD59Z;
						LastSwiftMigration = 0810;
						ProvisioningStyle = Automatic;
						SystemCapabilities = {
							com.apple.ApplicationGroups.iOS = {
								enabled = 1;
							};
						};
					};
				};
			};
			buildConfigurationList = 0A173DAE1BBFB9A8007EF5B3 /* Build configuration list for PBXProject "ProjectMarkov" */;
			compatibilityVersion = "Xcode 3.2";
			developmentRegion = English;
			hasScannedForEncodings = 0;
			knownRegions = (
				en,
				Base,
			);
			mainGroup = 0A173DAA1BBFB9A8007EF5B3;
			productRefGroup = 0A173DB41BBFB9A8007EF5B3 /* Products */;
			projectDirPath = "";
			projectRoot = "";
			targets = (
				0A173DB21BBFB9A8007EF5B3 /* ProjectMarkov */,
				0ACFF3611DE0AB0300ED1983 /* ActionExtension */,
			);
		};
/* End PBXProject section */

/* Begin PBXResourcesBuildPhase section */
		0A173DB11BBFB9A8007EF5B3 /* Resources */ = {
			isa = PBXResourcesBuildPhase;
			buildActionMask = 2147483647;
			files = (
				0ACFF3751DE0AD6100ED1983 /* Main.storyboard in Resources */,
				0A173DC11BBFB9A8007EF5B3 /* LaunchScreen.storyboard in Resources */,
				0A173DBE1BBFB9A8007EF5B3 /* Assets.xcassets in Resources */,
			);
			runOnlyForDeploymentPostprocessing = 0;
		};
		0ACFF3601DE0AB0300ED1983 /* Resources */ = {
			isa = PBXResourcesBuildPhase;
			buildActionMask = 2147483647;
			files = (
				0ACFF3681DE0AB0300ED1983 /* MainInterface.storyboard in Resources */,
			);
			runOnlyForDeploymentPostprocessing = 0;
		};
/* End PBXResourcesBuildPhase section */

/* Begin PBXSourcesBuildPhase section */
		0A173DAF1BBFB9A8007EF5B3 /* Sources */ = {
			isa = PBXSourcesBuildPhase;
			buildActionMask = 2147483647;
			files = (
				0ABE3A181E4652B1004170E5 /* AddViewController.swift in Sources */,
				0ABE3A141E464437004170E5 /* VariationsViewController.swift in Sources */,
				0ABE39F71E4629B6004170E5 /* ViewController.swift in Sources */,
				0ABE3A101E46354D004170E5 /* MarkovGenerator.swift in Sources */,
				0ABE3A161E4649A9004170E5 /* TabBarController.swift in Sources */,
				0ABE3A121E463968004170E5 /* MarkovViewController.swift in Sources */,
				0ADA85D81DE1E141002BAA8F /* Extensions.swift in Sources */,
				0ABE39F91E462D4E004170E5 /* MotifCollectionViewCell.swift in Sources */,
				0A21840E1E5F075200B2ABD3 /* DataManager.swift in Sources */,
				0A2184101E5F298B00B2ABD3 /* VariationManager.swift in Sources */,
				0A173DB71BBFB9A8007EF5B3 /* AppDelegate.swift in Sources */,
				0ABE39FB1E462EC3004170E5 /* PremadeStrings.swift in Sources */,
			);
			runOnlyForDeploymentPostprocessing = 0;
		};
		0ACFF35E1DE0AB0300ED1983 /* Sources */ = {
			isa = PBXSourcesBuildPhase;
			buildActionMask = 2147483647;
			files = (
				0ACFF3651DE0AB0300ED1983 /* ActionViewController.swift in Sources */,
			);
			runOnlyForDeploymentPostprocessing = 0;
		};
/* End PBXSourcesBuildPhase section */

/* Begin PBXTargetDependency section */
		0ACFF36B1DE0AB0300ED1983 /* PBXTargetDependency */ = {
			isa = PBXTargetDependency;
			target = 0ACFF3611DE0AB0300ED1983 /* ActionExtension */;
			targetProxy = 0ACFF36A1DE0AB0300ED1983 /* PBXContainerItemProxy */;
		};
/* End PBXTargetDependency section */

/* Begin PBXVariantGroup section */
		0A173DBF1BBFB9A8007EF5B3 /* LaunchScreen.storyboard */ = {
			isa = PBXVariantGroup;
			children = (
				0A173DC01BBFB9A8007EF5B3 /* Base */,
			);
			name = LaunchScreen.storyboard;
			sourceTree = "<group>";
		};
		0ACFF3661DE0AB0300ED1983 /* MainInterface.storyboard */ = {
			isa = PBXVariantGroup;
			children = (
				0ACFF3671DE0AB0300ED1983 /* Base */,
			);
			name = MainInterface.storyboard;
			sourceTree = "<group>";
		};
		0ACFF3731DE0AD6100ED1983 /* Main.storyboard */ = {
			isa = PBXVariantGroup;
			children = (
				0ACFF3741DE0AD6100ED1983 /* Base */,
			);
			name = Main.storyboard;
			sourceTree = "<group>";
		};
/* End PBXVariantGroup section */

/* Begin XCBuildConfiguration section */
		0A173DC31BBFB9A8007EF5B3 /* Debug */ = {
			isa = XCBuildConfiguration;
			buildSettings = {
				ALWAYS_SEARCH_USER_PATHS = NO;
				CLANG_CXX_LANGUAGE_STANDARD = "gnu++0x";
				CLANG_CXX_LIBRARY = "libc++";
				CLANG_ENABLE_MODULES = YES;
				CLANG_ENABLE_OBJC_ARC = YES;
				CLANG_WARN_BOOL_CONVERSION = YES;
				CLANG_WARN_CONSTANT_CONVERSION = YES;
				CLANG_WARN_DIRECT_OBJC_ISA_USAGE = YES_ERROR;
				CLANG_WARN_EMPTY_BODY = YES;
				CLANG_WARN_ENUM_CONVERSION = YES;
				CLANG_WARN_INT_CONVERSION = YES;
				CLANG_WARN_OBJC_ROOT_CLASS = YES_ERROR;
				CLANG_WARN_UNREACHABLE_CODE = YES;
				CLANG_WARN__DUPLICATE_METHOD_MATCH = YES;
				"CODE_SIGN_IDENTITY[sdk=iphoneos*]" = "iPhone Developer: Jake William Robinson (HVP774D6NP)";
				COPY_PHASE_STRIP = NO;
				DEBUG_INFORMATION_FORMAT = dwarf;
				ENABLE_STRICT_OBJC_MSGSEND = YES;
				ENABLE_TESTABILITY = YES;
				GCC_C_LANGUAGE_STANDARD = gnu99;
				GCC_DYNAMIC_NO_PIC = NO;
				GCC_NO_COMMON_BLOCKS = YES;
				GCC_OPTIMIZATION_LEVEL = 0;
				GCC_PREPROCESSOR_DEFINITIONS = (
					"DEBUG=1",
					"$(inherited)",
				);
				GCC_WARN_64_TO_32_BIT_CONVERSION = YES;
				GCC_WARN_ABOUT_RETURN_TYPE = YES_ERROR;
				GCC_WARN_UNDECLARED_SELECTOR = YES;
				GCC_WARN_UNINITIALIZED_AUTOS = YES_AGGRESSIVE;
				GCC_WARN_UNUSED_FUNCTION = YES;
				GCC_WARN_UNUSED_VARIABLE = YES;
				IPHONEOS_DEPLOYMENT_TARGET = 9.0;
				MTL_ENABLE_DEBUG_INFO = YES;
				ONLY_ACTIVE_ARCH = YES;
				SDKROOT = iphoneos;
				SWIFT_OPTIMIZATION_LEVEL = "-Onone";
				TARGETED_DEVICE_FAMILY = "1,2";
			};
			name = Debug;
		};
		0A173DC41BBFB9A8007EF5B3 /* Release */ = {
			isa = XCBuildConfiguration;
			buildSettings = {
				ALWAYS_SEARCH_USER_PATHS = NO;
				CLANG_CXX_LANGUAGE_STANDARD = "gnu++0x";
				CLANG_CXX_LIBRARY = "libc++";
				CLANG_ENABLE_MODULES = YES;
				CLANG_ENABLE_OBJC_ARC = YES;
				CLANG_WARN_BOOL_CONVERSION = YES;
				CLANG_WARN_CONSTANT_CONVERSION = YES;
				CLANG_WARN_DIRECT_OBJC_ISA_USAGE = YES_ERROR;
				CLANG_WARN_EMPTY_BODY = YES;
				CLANG_WARN_ENUM_CONVERSION = YES;
				CLANG_WARN_INT_CONVERSION = YES;
				CLANG_WARN_OBJC_ROOT_CLASS = YES_ERROR;
				CLANG_WARN_UNREACHABLE_CODE = YES;
				CLANG_WARN__DUPLICATE_METHOD_MATCH = YES;
				"CODE_SIGN_IDENTITY[sdk=iphoneos*]" = "iPhone Developer: Jake William Robinson (HVP774D6NP)";
				COPY_PHASE_STRIP = NO;
				DEBUG_INFORMATION_FORMAT = "dwarf-with-dsym";
				ENABLE_NS_ASSERTIONS = NO;
				ENABLE_STRICT_OBJC_MSGSEND = YES;
				GCC_C_LANGUAGE_STANDARD = gnu99;
				GCC_NO_COMMON_BLOCKS = YES;
				GCC_WARN_64_TO_32_BIT_CONVERSION = YES;
				GCC_WARN_ABOUT_RETURN_TYPE = YES_ERROR;
				GCC_WARN_UNDECLARED_SELECTOR = YES;
				GCC_WARN_UNINITIALIZED_AUTOS = YES_AGGRESSIVE;
				GCC_WARN_UNUSED_FUNCTION = YES;
				GCC_WARN_UNUSED_VARIABLE = YES;
				IPHONEOS_DEPLOYMENT_TARGET = 9.0;
				MTL_ENABLE_DEBUG_INFO = NO;
				SDKROOT = iphoneos;
				TARGETED_DEVICE_FAMILY = "1,2";
				VALIDATE_PRODUCT = YES;
			};
			name = Release;
		};
		0A173DC61BBFB9A8007EF5B3 /* Debug */ = {
			isa = XCBuildConfiguration;
			buildSettings = {
				ALWAYS_EMBED_SWIFT_STANDARD_LIBRARIES = YES;
				ASSETCATALOG_COMPILER_APPICON_NAME = AppIcon;
				CODE_SIGN_ENTITLEMENTS = ProjectMarkov/ProjectMarkov.entitlements;
				CODE_SIGN_IDENTITY = "iPhone Developer";
				INFOPLIST_FILE = ProjectMarkov/Info.plist;
				IPHONEOS_DEPLOYMENT_TARGET = 10.2;
				LD_RUNPATH_SEARCH_PATHS = "$(inherited) @executable_path/Frameworks";
				PRODUCT_BUNDLE_IDENTIFIER = com.metzopaino.projectmarkov;
				PRODUCT_NAME = "$(TARGET_NAME)";
				SWIFT_VERSION = 3.0;
			};
			name = Debug;
		};
		0A173DC71BBFB9A8007EF5B3 /* Release */ = {
			isa = XCBuildConfiguration;
			buildSettings = {
				ALWAYS_EMBED_SWIFT_STANDARD_LIBRARIES = YES;
				ASSETCATALOG_COMPILER_APPICON_NAME = AppIcon;
				CODE_SIGN_ENTITLEMENTS = ProjectMarkov/ProjectMarkov.entitlements;
				CODE_SIGN_IDENTITY = "iPhone Developer";
				INFOPLIST_FILE = ProjectMarkov/Info.plist;
				IPHONEOS_DEPLOYMENT_TARGET = 10.2;
				LD_RUNPATH_SEARCH_PATHS = "$(inherited) @executable_path/Frameworks";
				PRODUCT_BUNDLE_IDENTIFIER = com.metzopaino.projectmarkov;
				PRODUCT_NAME = "$(TARGET_NAME)";
				SWIFT_VERSION = 3.0;
			};
			name = Release;
		};
		0ACFF36E1DE0AB0300ED1983 /* Debug */ = {
			isa = XCBuildConfiguration;
			buildSettings = {
				CLANG_ANALYZER_NONNULL = YES;
				CLANG_WARN_DOCUMENTATION_COMMENTS = YES;
				CLANG_WARN_INFINITE_RECURSION = YES;
				CLANG_WARN_SUSPICIOUS_MOVES = YES;
				CODE_SIGN_ENTITLEMENTS = ActionExtension/ActionExtension.entitlements;
				CODE_SIGN_IDENTITY = "iPhone Developer";
				"CODE_SIGN_IDENTITY[sdk=iphoneos*]" = "iPhone Developer";
				DEVELOPMENT_TEAM = XEN7DUD59Z;
				INFOPLIST_FILE = actionExtension/Info.plist;
				IPHONEOS_DEPLOYMENT_TARGET = 10.2;
				LD_RUNPATH_SEARCH_PATHS = "$(inherited) @executable_path/Frameworks @executable_path/../../Frameworks";
				PRODUCT_BUNDLE_IDENTIFIER = com.metzopaino.projectmarkov.actionextension;
				PRODUCT_NAME = "$(TARGET_NAME)";
				SKIP_INSTALL = YES;
				SWIFT_ACTIVE_COMPILATION_CONDITIONS = DEBUG;
				SWIFT_VERSION = 3.0;
			};
			name = Debug;
		};
		0ACFF36F1DE0AB0300ED1983 /* Release */ = {
			isa = XCBuildConfiguration;
			buildSettings = {
				CLANG_ANALYZER_NONNULL = YES;
				CLANG_WARN_DOCUMENTATION_COMMENTS = YES;
				CLANG_WARN_INFINITE_RECURSION = YES;
				CLANG_WARN_SUSPICIOUS_MOVES = YES;
				CODE_SIGN_ENTITLEMENTS = ActionExtension/ActionExtension.entitlements;
				CODE_SIGN_IDENTITY = "iPhone Developer";
				"CODE_SIGN_IDENTITY[sdk=iphoneos*]" = "iPhone Developer";
				DEVELOPMENT_TEAM = XEN7DUD59Z;
				INFOPLIST_FILE = actionExtension/Info.plist;
				IPHONEOS_DEPLOYMENT_TARGET = 10.2;
				LD_RUNPATH_SEARCH_PATHS = "$(inherited) @executable_path/Frameworks @executable_path/../../Frameworks";
				PRODUCT_BUNDLE_IDENTIFIER = com.metzopaino.projectmarkov.actionextension;
				PRODUCT_NAME = "$(TARGET_NAME)";
				SKIP_INSTALL = YES;
				SWIFT_OPTIMIZATION_LEVEL = "-Owholemodule";
				SWIFT_VERSION = 3.0;
			};
			name = Release;
		};
/* End XCBuildConfiguration section */

/* Begin XCConfigurationList section */
		0A173DAE1BBFB9A8007EF5B3 /* Build configuration list for PBXProject "ProjectMarkov" */ = {
			isa = XCConfigurationList;
			buildConfigurations = (
				0A173DC31BBFB9A8007EF5B3 /* Debug */,
				0A173DC41BBFB9A8007EF5B3 /* Release */,
			);
			defaultConfigurationIsVisible = 0;
			defaultConfigurationName = Release;
		};
		0A173DC51BBFB9A8007EF5B3 /* Build configuration list for PBXNativeTarget "ProjectMarkov" */ = {
			isa = XCConfigurationList;
			buildConfigurations = (
				0A173DC61BBFB9A8007EF5B3 /* Debug */,
				0A173DC71BBFB9A8007EF5B3 /* Release */,
			);
			defaultConfigurationIsVisible = 0;
			defaultConfigurationName = Release;
		};
		0ACFF36D1DE0AB0300ED1983 /* Build configuration list for PBXNativeTarget "ActionExtension" */ = {
			isa = XCConfigurationList;
			buildConfigurations = (
				0ACFF36E1DE0AB0300ED1983 /* Debug */,
				0ACFF36F1DE0AB0300ED1983 /* Release */,
			);
			defaultConfigurationIsVisible = 0;
			defaultConfigurationName = Release;
		};
/* End XCConfigurationList section */
	};
	rootObject = 0A173DAB1BBFB9A8007EF5B3 /* Project object */;
}
